
Microsoft Visual Studio Solution File, Format Version 12.00
# Visual Studio Version 17
VisualStudioVersion = 17.12.35527.113 d17.12
MinimumVisualStudioVersion = 10.0.40219.1
Project("{FAE04EC0-301F-11D3-BF4B-00C04F79EFBC}") = "backend", "backend.csproj", "{BAA1807D-002F-4991-AFF9-C0724C7ABECA}"
EndProject
Global
	GlobalSection(SolutionConfigurationPlatforms) = preSolution
		Debug|Any CPU = Debug|Any CPU
		Release|Any CPU = Release|Any CPU
	EndGlobalSection
	GlobalSection(ProjectConfigurationPlatforms) = postSolution
		{BAA1807D-002F-4991-AFF9-C0724C7ABECA}.Debug|Any CPU.ActiveCfg = Debug|Any CPU
		{BAA1807D-002F-4991-AFF9-C0724C7ABECA}.Debug|Any CPU.Build.0 = Debug|Any CPU
		{BAA1807D-002F-4991-AFF9-C0724C7ABECA}.Release|Any CPU.ActiveCfg = Release|Any CPU
		{BAA1807D-002F-4991-AFF9-C0724C7ABECA}.Release|Any CPU.Build.0 = Release|Any CPU
	EndGlobalSection
	GlobalSection(SolutionProperties) = preSolution
		HideSolutionNode = FALSE
	EndGlobalSection
EndGlobal
